
Microsoft Visual Studio Solution File, Format Version 12.00
# Visual Studio Version 17
VisualStudioVersion = 17.7.34202.233
MinimumVisualStudioVersion = 10.0.40219.1
Project("{9A19103F-16F7-4668-BE54-9A1E7A4F7556}") = "Karra_jadval", "Karra_jadval\Karra_jadval.csproj", "{C71FFE0D-F0D7-4E01-AEAE-9A01F0B27E79}"
EndProject
Project("{FAE04EC0-301F-11D3-BF4B-00C04F79EFBC}") = "Calculator", "Calculator\Calculator.csproj", "{2821ED18-FF6F-4BDB-9CAB-469ED5C2C3C7}"
EndProject
Global
	GlobalSection(SolutionConfigurationPlatforms) = preSolution
		Debug|Any CPU = Debug|Any CPU
		Release|Any CPU = Release|Any CPU
	EndGlobalSection
	GlobalSection(ProjectConfigurationPlatforms) = postSolution
		{C71FFE0D-F0D7-4E01-AEAE-9A01F0B27E79}.Debug|Any CPU.ActiveCfg = Debug|Any CPU
		{C71FFE0D-F0D7-4E01-AEAE-9A01F0B27E79}.Debug|Any CPU.Build.0 = Debug|Any CPU
		{C71FFE0D-F0D7-4E01-AEAE-9A01F0B27E79}.Release|Any CPU.ActiveCfg = Release|Any CPU
		{C71FFE0D-F0D7-4E01-AEAE-9A01F0B27E79}.Release|Any CPU.Build.0 = Release|Any CPU
		{2821ED18-FF6F-4BDB-9CAB-469ED5C2C3C7}.Debug|Any CPU.ActiveCfg = Debug|Any CPU
		{2821ED18-FF6F-4BDB-9CAB-469ED5C2C3C7}.Debug|Any CPU.Build.0 = Debug|Any CPU
		{2821ED18-FF6F-4BDB-9CAB-469ED5C2C3C7}.Release|Any CPU.ActiveCfg = Release|Any CPU
		{2821ED18-FF6F-4BDB-9CAB-469ED5C2C3C7}.Release|Any CPU.Build.0 = Release|Any CPU
	EndGlobalSection
	GlobalSection(SolutionProperties) = preSolution
		HideSolutionNode = FALSE
	EndGlobalSection
	GlobalSection(ExtensibilityGlobals) = postSolution
		SolutionGuid = {9A1F520F-A3D9-415A-A181-0464A3AE8E32}
	EndGlobalSection
EndGlobal
